{
  "originHash" : "1ce135858f33e9e2beb9c83024121381439418e7816ab4bc9fedb4ef0eac7f56",
  "pins" : [
    {
      "identity" : "plcrashreporter",
      "kind" : "remoteSourceControl",
      "location" : "https://github.com/microsoft/plcrashreporter.git",
      "state" : {
        "revision" : "0254f941c646b1ed17b243654723d0f071e990d0",
        "version" : "1.12.2"
      }
    },
    {
      "identity" : "posthog-ios",
      "kind" : "remoteSourceControl",
      "location" : "https://github.com/PostHog/posthog-ios",
      "state" : {
        "revision" : "b9aa734f24973d5a017da0c18a87af2afcbc0c26",
        "version" : "3.54.0"
      }
    },
    {
      "identity" : "sentry-cocoa",
      "kind" : "remoteSourceControl",
      "location" : "https://github.com/getsentry/sentry-cocoa",
      "state" : {
        "revision" : "3a22ecd00ad1398747bfd587e44df82716908dd3",
        "version" : "9.10.0"
      }
    }
  ],
  "version" : 3
}
