{
  "pins" : [
    {
      "identity" : "sentry-cocoa",
      "kind" : "remoteSourceControl",
      "location" : "https://github.com/getsentry/sentry-cocoa",
      "state" : {
        "revision" : "3a22ecd00ad1398747bfd587e44df82716908dd3",
        "version" : "9.10.0"
      }
    }
  ],
  "version" : 2
}
